{
    "_readme": [
        "This file locks the dependencies of your project to a known state",
        "Read more about it at http://getcomposer.org/doc/01-basic-usage.md#composer-lock-the-lock-file"
    ],
    "hash": "d92608247ed1ab5bca552f021a3658f0",
    "packages": [
        {
            "name": "kdyby/redis",
            "version": "dev-master",
            "source": {
                "type": "git",
                "url": "https://github.com/Kdyby/Redis.git",
                "reference": "a501a8fde860727355b0c606fc80358c1eb5b43b"
            },
            "dist": {
                "type": "zip",
                "url": "https://api.github.com/repos/Kdyby/Redis/zipball/88fb2dc5d012127281ec205d0976d05defe6f9bb",
                "reference": "a501a8fde860727355b0c606fc80358c1eb5b43b",
                "shasum": ""
            },
            "require": {
                "nette/nette": "@dev"
            },
            "require-dev": {
                "nette/tester": "@dev"
            },
            "suggest": {
                "ext-redis": "The php redis extension https://github.com/nicolasff/phpredis/ is required for connecting to redis server"
            },
            "type": "library",
            "autoload": {
                "psr-0": {
                    "Kdyby\\Redis\\": "src/"
                },
                "classmap": [
                    "src/Kdyby/Redis/exceptions.php"
                ]
            },
            "notification-url": "https://packagist.org/downloads/",
            "license": [
                "BSD-3-Clause",
                "GPL-2.0",
                "GPL-3.0"
            ],
            "authors": [
                {
                    "name": "Filip Procházka",
                    "homepage": "http://filip-prochazka.com"
                }
            ],
            "description": "Redis storage for Nette Framework",
            "homepage": "http://kdyby.org",
            "keywords": [
                "cache",
                "client",
                "kdyby",
                "nette",
                "redis"
            ],
            "time": "2013-07-09 00:51:47"
        },
        {
            "name": "nette/nette",
            "version": "v2.0.11",
            "source": {
                "type": "git",
                "url": "https://github.com/nette/nette.git",
                "reference": "v2.0.11"
            },
            "dist": {
                "type": "zip",
                "url": "https://api.github.com/repos/nette/nette/zipball/v2.0.11",
                "reference": "v2.0.11",
                "shasum": ""
            },
            "require": {
                "ext-iconv": "*",
                "ext-tokenizer": "*",
                "php": ">=5.3.0"
            },
            "require-dev": {
                "nette/tester": "0.9.*"
            },
            "suggest": {
                "ext-fileinfo": "*",
                "ext-gd": "*",
                "ext-mbstring": "*",
                "ext-memcache": "*",
                "ext-pdo": "*"
            },
            "type": "library",
            "extra": {
                "branch-alias": {
                    "dev-master": "2.1-dev"
                }
            },
            "autoload": {
                "files": [
                    "Nette/loader.php"
                ]
            },
            "notification-url": "https://packagist.org/downloads/",
            "license": [
                "BSD-3-Clause",
                "GPL-2.0",
                "GPL-3.0"
            ],
            "authors": [
                {
                    "name": "David Grudl",
                    "homepage": "http://davidgrudl.com"
                },
                {
                    "name": "Nette Community",
                    "homepage": "http://nette.org/contributors"
                }
            ],
            "description": "Nette Framework - innovative framework for fast and easy development of secured web applications in PHP. Write less, have cleaner code and your work will bring you joy.",
            "homepage": "http://nette.org",
            "keywords": [
                "Forms",
                "database",
                "dbal",
                "debugging",
                "framework",
                "images",
                "latte",
                "mailing",
                "micro",
                "mvc",
                "neon",
                "templating"
            ],
            "time": "2013-07-11 20:39:27"
        }
    ],
    "packages-dev": [
        {
            "name": "keboola/symfony-console-nested-formatter-helper",
            "version": "dev-master",
            "source": {
                "type": "git",
                "url": "https://github.com/keboola/symfony-console-nested-formatter-helper.git",
                "reference": "93d7a8e30eec43ecdc61b435485a7cc6681d20a3"
            },
            "dist": {
                "type": "zip",
                "url": "https://api.github.com/repos/keboola/symfony-console-nested-formatter-helper/zipball/93d7a8e30eec43ecdc61b435485a7cc6681d20a3",
                "reference": "93d7a8e30eec43ecdc61b435485a7cc6681d20a3",
                "shasum": ""
            },
            "require": {
                "symfony/console": "2.3.*"
            },
            "require-dev": {
                "phpunit/phpunit": "3.7.*"
            },
            "type": "library",
            "autoload": {
                "psr-0": {
                    "Keboola\\Symfony\\Console\\Helper\\NestedFormatterHelper": "src/"
                }
            },
            "notification-url": "https://packagist.org/downloads/",
            "license": [
                "MIT"
            ],
            "authors": [
                {
                    "name": "Martin Halamicek",
                    "email": "martin@halamicek.cz"
                }
            ],
            "description": "Nested array formatter helper for Symfony Console",
            "time": "2013-07-02 13:51:00"
        },
        {
            "name": "symfony/console",
            "version": "2.3.x-dev",
            "target-dir": "Symfony/Component/Console",
            "source": {
                "type": "git",
                "url": "https://github.com/symfony/Console.git",
                "reference": "251dd20d2f8acaf2f7832300eec9a20e9951393c"
            },
            "dist": {
                "type": "zip",
                "url": "https://api.github.com/repos/symfony/Console/zipball/251dd20d2f8acaf2f7832300eec9a20e9951393c",
                "reference": "251dd20d2f8acaf2f7832300eec9a20e9951393c",
                "shasum": ""
            },
            "require": {
                "php": ">=5.3.3"
            },
            "require-dev": {
                "symfony/event-dispatcher": "~2.1"
            },
            "suggest": {
                "symfony/event-dispatcher": ""
            },
            "type": "library",
            "extra": {
                "branch-alias": {
                    "dev-master": "2.3-dev"
                }
            },
            "autoload": {
                "psr-0": {
                    "Symfony\\Component\\Console\\": ""
                }
            },
            "notification-url": "https://packagist.org/downloads/",
            "license": [
                "MIT"
            ],
            "authors": [
                {
                    "name": "Fabien Potencier",
                    "email": "fabien@symfony.com"
                },
                {
                    "name": "Symfony Community",
                    "homepage": "http://symfony.com/contributors"
                }
            ],
            "description": "Symfony Console Component",
            "homepage": "http://symfony.com",
            "time": "2013-07-11 19:36:36"
        }
    ],
    "aliases": [

    ],
    "minimum-stability": "stable",
    "stability-flags": {
        "kdyby/redis": 20,
        "symfony/console": 20,
        "keboola/symfony-console-nested-formatter-helper": 20
    },
    "platform": {
        "php": ">=5.4.0"
    },
    "platform-dev": [

    ]
}
